
Microsoft Visual Studio Solution File, Format Version 12.00
# Visual Studio 15
VisualStudioVersion = 15.0.28307.329
MinimumVisualStudioVersion = 10.0.40219.1
Project("{FAE04EC0-301F-11D3-BF4B-00C04F79EFBC}") = "StatsEngine", "StatsEngine\StatsEngine.csproj", "{E675125E-DE2D-4EC5-AA78-FF79386B9424}"
EndProject
Project("{FAE04EC0-301F-11D3-BF4B-00C04F79EFBC}") = "CircularBuffer", "ClassLibrary1\CircularBuffer.csproj", "{02F29881-08FB-486F-B9C9-2C8FCA23E586}"
EndProject
Global
	GlobalSection(SolutionConfigurationPlatforms) = preSolution
		Debug|Any CPU = Debug|Any CPU
		Release|Any CPU = Release|Any CPU
	EndGlobalSection
	GlobalSection(ProjectConfigurationPlatforms) = postSolution
		{E675125E-DE2D-4EC5-AA78-FF79386B9424}.Debug|Any CPU.ActiveCfg = Debug|Any CPU
		{E675125E-DE2D-4EC5-AA78-FF79386B9424}.Debug|Any CPU.Build.0 = Debug|Any CPU
		{E675125E-DE2D-4EC5-AA78-FF79386B9424}.Release|Any CPU.ActiveCfg = Release|Any CPU
		{E675125E-DE2D-4EC5-AA78-FF79386B9424}.Release|Any CPU.Build.0 = Release|Any CPU
		{02F29881-08FB-486F-B9C9-2C8FCA23E586}.Debug|Any CPU.ActiveCfg = Debug|Any CPU
		{02F29881-08FB-486F-B9C9-2C8FCA23E586}.Debug|Any CPU.Build.0 = Debug|Any CPU
		{02F29881-08FB-486F-B9C9-2C8FCA23E586}.Release|Any CPU.ActiveCfg = Release|Any CPU
		{02F29881-08FB-486F-B9C9-2C8FCA23E586}.Release|Any CPU.Build.0 = Release|Any CPU
	EndGlobalSection
	GlobalSection(SolutionProperties) = preSolution
		HideSolutionNode = FALSE
	EndGlobalSection
	GlobalSection(ExtensibilityGlobals) = postSolution
		SolutionGuid = {5D4852F1-607A-4976-9964-89DDD57A3366}
	EndGlobalSection
EndGlobal
